<?xml version="1.0" encoding="utf-8"?>
<Project ToolsVersion="4.0" xmlns="http://schemas.microsoft.com/developer/msbuild/2003">
  <ItemGroup>
    <Filter Include="CMUgraphicsLib">
      <UniqueIdentifier>{b6ef5278-5399-4c20-8631-3a47fa20276d}</UniqueIdentifier>
    </Filter>
    <Filter Include="CMUgraphicsLib\JPEG">
      <UniqueIdentifier>{74881736-22be-4b44-90b6-09a29eb1aa85}</UniqueIdentifier>
    </Filter>
    <Filter Include="GUI Classes">
      <UniqueIdentifier>{03fd4e0d-92e0-4271-bb9b-d6e9f21ec35f}</UniqueIdentifier>
    </Filter>
    <Filter Include="Actions">
      <UniqueIdentifier>{4366a171-b3d5-4ab2-a3d2-a88647ff0ccd}</UniqueIdentifier>
    </Filter>
    <Filter Include="Figures">
      <UniqueIdentifier>{3b0754b2-0638-4919-b8a8-da28108c0df9}</UniqueIdentifier>
    </Filter>
  </ItemGroup>
  <ItemGroup>
    <ClCompile Include="CMUgraphicsLib\auxil.cpp">
      <Filter>CMUgraphicsLib</Filter>
    </ClCompile>
    <ClCompile Include="CMUgraphicsLib\CMUgraphics.cpp">
      <Filter>CMUgraphicsLib</Filter>
    </ClCompile>
    <ClCompile Include="CMUgraphicsLib\image.cpp">
      <Filter>CMUgraphicsLib</Filter>
    </ClCompile>
    <ClCompile Include="CMUgraphicsLib\jpegload.c">
      <Filter>CMUgraphicsLib</Filter>
    </ClCompile>
    <ClCompile Include="CMUgraphicsLib\keyqueue.cpp">
      <Filter>CMUgraphicsLib</Filter>
    </ClCompile>
    <ClCompile Include="CMUgraphicsLib\mousequeue.cpp">
      <Filter>CMUgraphicsLib</Filter>
    </ClCompile>
    <ClCompile Include="CMUgraphicsLib\windowinput.cpp">
      <Filter>CMUgraphicsLib</Filter>
    </ClCompile>
    <ClCompile Include="CMUgraphicsLib\jpeg\jcomapi.c">
      <Filter>CMUgraphicsLib\JPEG</Filter>
    </ClCompile>
    <ClCompile Include="CMUgraphicsLib\jpeg\jcparam.c">
      <Filter>CMUgraphicsLib\JPEG</Filter>
    </ClCompile>
    <ClCompile Include="CMUgraphicsLib\jpeg\jdapimin.c">
      <Filter>CMUgraphicsLib\JPEG</Filter>
    </ClCompile>
    <ClCompile Include="CMUgraphicsLib\jpeg\jdapistd.c">
      <Filter>CMUgraphicsLib\JPEG</Filter>
    </ClCompile>
    <ClCompile Include="CMUgraphicsLib\jpeg\jdatasrc.c">
      <Filter>CMUgraphicsLib\JPEG</Filter>
    </ClCompile>
    <ClCompile Include="CMUgraphicsLib\jpeg\jdcoefct.c">
      <Filter>CMUgraphicsLib\JPEG</Filter>
    </ClCompile>
    <ClCompile Include="CMUgraphicsLib\jpeg\jdcolor.c">
      <Filter>CMUgraphicsLib\JPEG</Filter>
    </ClCompile>
    <ClCompile Include="CMUgraphicsLib\jpeg\jddctmgr.c">
      <Filter>CMUgraphicsLib\JPEG</Filter>
    </ClCompile>
    <ClCompile Include="CMUgraphicsLib\jpeg\jdhuff.c">
      <Filter>CMUgraphicsLib\JPEG</Filter>
    </ClCompile>
    <ClCompile Include="CMUgraphicsLib\jpeg\jdinput.c">
      <Filter>CMUgraphicsLib\JPEG</Filter>
    </ClCompile>
    <ClCompile Include="CMUgraphicsLib\jpeg\jdmainct.c">
      <Filter>CMUgraphicsLib\JPEG</Filter>
    </ClCompile>
    <ClCompile Include="CMUgraphicsLib\jpeg\jdmarker.c">
      <Filter>CMUgraphicsLib\JPEG</Filter>
    </ClCompile>
    <ClCompile Include="CMUgraphicsLib\jpeg\jdmaster.c">
      <Filter>CMUgraphicsLib\JPEG</Filter>
    </ClCompile>
    <ClCompile Include="CMUgraphicsLib\jpeg\jdmerge.c">
      <Filter>CMUgraphicsLib\JPEG</Filter>
    </ClCompile>
    <ClCompile Include="CMUgraphicsLib\jpeg\jdphuff.c">
      <Filter>CMUgraphicsLib\JPEG</Filter>
    </ClCompile>
    <ClCompile Include="CMUgraphicsLib\jpeg\jdpostct.c">
      <Filter>CMUgraphicsLib\JPEG</Filter>
    </ClCompile>
    <ClCompile Include="CMUgraphicsLib\jpeg\jdsample.c">
      <Filter>CMUgraphicsLib\JPEG</Filter>
    </ClCompile>
    <ClCompile Include="CMUgraphicsLib\jpeg\jdtrans.c">
      <Filter>CMUgraphicsLib\JPEG</Filter>
    </ClCompile>
    <ClCompile Include="CMUgraphicsLib\jpeg\jerror.c">
      <Filter>CMUgraphicsLib\JPEG</Filter>
    </ClCompile>
    <ClCompile Include="CMUgraphicsLib\jpeg\jidctflt.c">
      <Filter>CMUgraphicsLib\JPEG</Filter>
    </ClCompile>
    <ClCompile Include="CMUgraphicsLib\jpeg\jidctfst.c">
      <Filter>CMUgraphicsLib\JPEG</Filter>
    </ClCompile>
    <ClCompile Include="CMUgraphicsLib\jpeg\jidctint.c">
      <Filter>CMUgraphicsLib\JPEG</Filter>
    </ClCompile>
    <ClCompile Include="CMUgraphicsLib\jpeg\jidctred.c">
      <Filter>CMUgraphicsLib\JPEG</Filter>
    </ClCompile>
    <ClCompile Include="CMUgraphicsLib\jpeg\jmemmgr.c">
      <Filter>CMUgraphicsLib\JPEG</Filter>
    </ClCompile>
    <ClCompile Include="CMUgraphicsLib\jpeg\jmemnobs.c">
      <Filter>CMUgraphicsLib\JPEG</Filter>
    </ClCompile>
    <ClCompile Include="CMUgraphicsLib\jpeg\jquant1.c">
      <Filter>CMUgraphicsLib\JPEG</Filter>
    </ClCompile>
    <ClCompile Include="CMUgraphicsLib\jpeg\jquant2.c">
      <Filter>CMUgraphicsLib\JPEG</Filter>
    </ClCompile>
    <ClCompile Include="CMUgraphicsLib\jpeg\jutils.c">
      <Filter>CMUgraphicsLib\JPEG</Filter>
    </ClCompile>
    <ClCompile Include="ApplicationManager.cpp" />
    <ClCompile Include="Main.cpp" />
    <ClCompile Include="Actions\AddCircAction.cpp">
      <Filter>Actions</Filter>
    </ClCompile>
    <ClCompile Include="Actions\AddLineAction.cpp">
      <Filter>Actions</Filter>
    </ClCompile>
    <ClCompile Include="Actions\AddRectAction.cpp">
      <Filter>Actions</Filter>
    </ClCompile>
    <ClCompile Include="Actions\AddTrnglAction.cpp">
      <Filter>Actions</Filter>
    </ClCompile>
    <ClCompile Include="Actions\ChBGColorAction.cpp">
      <Filter>Actions</Filter>
    </ClCompile>
    <ClCompile Include="Actions\ChBorderAction.cpp">
      <Filter>Actions</Filter>
    </ClCompile>
    <ClCompile Include="Actions\ChFillColorAction.cpp">
      <Filter>Actions</Filter>
    </ClCompile>
    <ClCompile Include="Actions\CopyAction.cpp">
      <Filter>Actions</Filter>
    </ClCompile>
    <ClCompile Include="Actions\CutAction.cpp">
      <Filter>Actions</Filter>
    </ClCompile>
    <ClCompile Include="Actions\DeleteAction.cpp">
      <Filter>Actions</Filter>
    </ClCompile>
    <ClCompile Include="Actions\DownAction.cpp">
      <Filter>Actions</Filter>
    </ClCompile>
    <ClCompile Include="Actions\ExitAction.cpp">
      <Filter>Actions</Filter>
    </ClCompile>
    <ClCompile Include="Actions\LoadAction.cpp">
      <Filter>Actions</Filter>
    </ClCompile>
    <ClCompile Include="Actions\MoveAction.cpp">
      <Filter>Actions</Filter>
    </ClCompile>
    <ClCompile Include="Actions\PasteAction.cpp">
      <Filter>Actions</Filter>
    </ClCompile>
    <ClCompile Include="Actions\RedoAction.cpp">
      <Filter>Actions</Filter>
    </ClCompile>
    <ClCompile Include="Actions\ResizeAction.cpp">
      <Filter>Actions</Filter>
    </ClCompile>
    <ClCompile Include="Actions\RotateAction.cpp">
      <Filter>Actions</Filter>
    </ClCompile>
    <ClCompile Include="Actions\SaveAction.cpp">
      <Filter>Actions</Filter>
    </ClCompile>
    <ClCompile Include="Actions\SelectAction.cpp">
      <Filter>Actions</Filter>
    </ClCompile>
    <ClCompile Include="Actions\ToDrawModeAction.cpp">
      <Filter>Actions</Filter>
    </ClCompile>
    <ClCompile Include="Actions\ToPlayModeAction.cpp">
      <Filter>Actions</Filter>
    </ClCompile>
    <ClCompile Include="Actions\UndoAction.cpp">
      <Filter>Actions</Filter>
    </ClCompile>
    <ClCompile Include="Actions\UnSelectAction.cpp">
      <Filter>Actions</Filter>
    </ClCompile>
    <ClCompile Include="Actions\UpAction.cpp">
      <Filter>Actions</Filter>
    </ClCompile>
    <ClCompile Include="Actions\ZoomInAction.cpp">
      <Filter>Actions</Filter>
    </ClCompile>
    <ClCompile Include="Actions\ZoomOutAction.cpp">
      <Filter>Actions</Filter>
    </ClCompile>
    <ClCompile Include="GUI\Input.cpp">
      <Filter>GUI Classes</Filter>
    </ClCompile>
    <ClCompile Include="GUI\Output.cpp">
      <Filter>GUI Classes</Filter>
    </ClCompile>
    <ClCompile Include="Figures\CCircle.cpp">
      <Filter>Figures</Filter>
    </ClCompile>
    <ClCompile Include="Figures\CFigure.cpp">
      <Filter>Figures</Filter>
    </ClCompile>
    <ClCompile Include="Figures\CLine.cpp">
      <Filter>Figures</Filter>
    </ClCompile>
    <ClCompile Include="Figures\CRectangle.cpp">
      <Filter>Figures</Filter>
    </ClCompile>
    <ClCompile Include="Figures\CTrngl.cpp">
      <Filter>Figures</Filter>
    </ClCompile>
    <ClCompile Include="HistoryManager.cpp" />
    <ClCompile Include="Actions\DrawFigActions.cpp">
      <Filter>Actions</Filter>
    </ClCompile>
    <ClCompile Include="Actions\DrawFigItems.cpp">
      <Filter>Actions</Filter>
    </ClCompile>
    <ClCompile Include="Actions\PickAction.cpp">
      <Filter>Actions</Filter>
    </ClCompile>
  </ItemGroup>
  <ItemGroup>
    <ClInclude Include="CMUgraphicsLib\auxil.h">
      <Filter>CMUgraphicsLib</Filter>
    </ClInclude>
    <ClInclude Include="CMUgraphicsLib\CMUgraphics.h">
      <Filter>CMUgraphicsLib</Filter>
    </ClInclude>
    <ClInclude Include="CMUgraphicsLib\colors.h">
      <Filter>CMUgraphicsLib</Filter>
    </ClInclude>
    <ClInclude Include="CMUgraphicsLib\error.h">
      <Filter>CMUgraphicsLib</Filter>
    </ClInclude>
    <ClInclude Include="CMUgraphicsLib\image.h">
      <Filter>CMUgraphicsLib</Filter>
    </ClInclude>
    <ClInclude Include="CMUgraphicsLib\jpegload.h">
      <Filter>CMUgraphicsLib</Filter>
    </ClInclude>
    <ClInclude Include="CMUgraphicsLib\keyqueue.h">
      <Filter>CMUgraphicsLib</Filter>
    </ClInclude>
    <ClInclude Include="CMUgraphicsLib\mousequeue.h">
      <Filter>CMUgraphicsLib</Filter>
    </ClInclude>
    <ClInclude Include="CMUgraphicsLib\version.h">
      <Filter>CMUgraphicsLib</Filter>
    </ClInclude>
    <ClInclude Include="CMUgraphicsLib\windowinput.h">
      <Filter>CMUgraphicsLib</Filter>
    </ClInclude>
    <ClInclude Include="CMUgraphicsLib\jpeg\jconfig.h">
      <Filter>CMUgraphicsLib\JPEG</Filter>
    </ClInclude>
    <ClInclude Include="CMUgraphicsLib\jpeg\jdct.h">
      <Filter>CMUgraphicsLib\JPEG</Filter>
    </ClInclude>
    <ClInclude Include="CMUgraphicsLib\jpeg\jdhuff.h">
      <Filter>CMUgraphicsLib\JPEG</Filter>
    </ClInclude>
    <ClInclude Include="CMUgraphicsLib\jpeg\jerror.h">
      <Filter>CMUgraphicsLib\JPEG</Filter>
    </ClInclude>
    <ClInclude Include="CMUgraphicsLib\jpeg\jinclude.h">
      <Filter>CMUgraphicsLib\JPEG</Filter>
    </ClInclude>
    <ClInclude Include="CMUgraphicsLib\jpeg\jmemsys.h">
      <Filter>CMUgraphicsLib\JPEG</Filter>
    </ClInclude>
    <ClInclude Include="CMUgraphicsLib\jpeg\jmorecfg.h">
      <Filter>CMUgraphicsLib\JPEG</Filter>
    </ClInclude>
    <ClInclude Include="CMUgraphicsLib\jpeg\jpegint.h">
      <Filter>CMUgraphicsLib\JPEG</Filter>
    </ClInclude>
    <ClInclude Include="CMUgraphicsLib\jpeg\jpeglib.h">
      <Filter>CMUgraphicsLib\JPEG</Filter>
    </ClInclude>
    <ClInclude Include="CMUgraphicsLib\jpeg\jversion.h">
      <Filter>CMUgraphicsLib\JPEG</Filter>
    </ClInclude>
    <ClInclude Include="DEFS.h" />
    <ClInclude Include="ApplicationManager.h" />
    <ClInclude Include="Actions\Action.h">
      <Filter>Actions</Filter>
    </ClInclude>
    <ClInclude Include="Actions\AddCircAction.h">
      <Filter>Actions</Filter>
    </ClInclude>
    <ClInclude Include="Actions\AddLineAction.h">
      <Filter>Actions</Filter>
    </ClInclude>
    <ClInclude Include="Actions\AddRectAction.h">
      <Filter>Actions</Filter>
    </ClInclude>
    <ClInclude Include="Actions\AddTrnglAction.h">
      <Filter>Actions</Filter>
    </ClInclude>
    <ClInclude Include="Actions\ChBGColorAction.h">
      <Filter>Actions</Filter>
    </ClInclude>
    <ClInclude Include="Actions\ChBorderAction.h">
      <Filter>Actions</Filter>
    </ClInclude>
    <ClInclude Include="Actions\ChFillColorAction.h">
      <Filter>Actions</Filter>
    </ClInclude>
    <ClInclude Include="Actions\CopyAction.h">
      <Filter>Actions</Filter>
    </ClInclude>
    <ClInclude Include="Actions\CutAction.h">
      <Filter>Actions</Filter>
    </ClInclude>
    <ClInclude Include="Actions\DeleteAction.h">
      <Filter>Actions</Filter>
    </ClInclude>
    <ClInclude Include="Actions\DownAction.h">
      <Filter>Actions</Filter>
    </ClInclude>
    <ClInclude Include="Actions\ExitAction.h">
      <Filter>Actions</Filter>
    </ClInclude>
    <ClInclude Include="Actions\LoadAction.h">
      <Filter>Actions</Filter>
    </ClInclude>
    <ClInclude Include="Actions\MoveAction.h">
      <Filter>Actions</Filter>
    </ClInclude>
    <ClInclude Include="Actions\PasteAction.h">
      <Filter>Actions</Filter>
    </ClInclude>
    <ClInclude Include="Actions\RedoAction.h">
      <Filter>Actions</Filter>
    </ClInclude>
    <ClInclude Include="Actions\ResizeAction.h">
      <Filter>Actions</Filter>
    </ClInclude>
    <ClInclude Include="Actions\RotateAction.h">
      <Filter>Actions</Filter>
    </ClInclude>
    <ClInclude Include="Actions\SaveAction.h">
      <Filter>Actions</Filter>
    </ClInclude>
    <ClInclude Include="Actions\SelectAction.h">
      <Filter>Actions</Filter>
    </ClInclude>
    <ClInclude Include="Actions\ToDrawModeAction.h">
      <Filter>Actions</Filter>
    </ClInclude>
    <ClInclude Include="Actions\ToPlayModeAction.h">
      <Filter>Actions</Filter>
    </ClInclude>
    <ClInclude Include="Actions\UndoAction.h">
      <Filter>Actions</Filter>
    </ClInclude>
    <ClInclude Include="Actions\UnSelectAction.h">
      <Filter>Actions</Filter>
    </ClInclude>
    <ClInclude Include="Actions\UpAction.h">
      <Filter>Actions</Filter>
    </ClInclude>
    <ClInclude Include="Actions\ZoomInAction.h">
      <Filter>Actions</Filter>
    </ClInclude>
    <ClInclude Include="Actions\ZoomOutAction.h">
      <Filter>Actions</Filter>
    </ClInclude>
    <ClInclude Include="GUI\Input.h">
      <Filter>GUI Classes</Filter>
    </ClInclude>
    <ClInclude Include="GUI\Output.h">
      <Filter>GUI Classes</Filter>
    </ClInclude>
    <ClInclude Include="GUI\UI_Info.h">
      <Filter>GUI Classes</Filter>
    </ClInclude>
    <ClInclude Include="Figures\CCircle.h">
      <Filter>Figures</Filter>
    </ClInclude>
    <ClInclude Include="Figures\CFigure.h">
      <Filter>Figures</Filter>
    </ClInclude>
    <ClInclude Include="Figures\CLine.h">
      <Filter>Figures</Filter>
    </ClInclude>
    <ClInclude Include="Figures\CRectangle.h">
      <Filter>Figures</Filter>
    </ClInclude>
    <ClInclude Include="Figures\CTrngl.h">
      <Filter>Figures</Filter>
    </ClInclude>
    <ClInclude Include="Figures\Trigonometry.h">
      <Filter>Figures</Filter>
    </ClInclude>
    <ClInclude Include="HistoryManager.h" />
    <ClInclude Include="Actions\DrawFigActions.h">
      <Filter>Actions</Filter>
    </ClInclude>
    <ClInclude Include="Actions\DrawFigItems.h">
      <Filter>Actions</Filter>
    </ClInclude>
    <ClInclude Include="Actions\PickAction.h">
      <Filter>Actions</Filter>
    </ClInclude>
  </ItemGroup>
</Project>